
Microsoft Visual Studio Solution File, Format Version 12.00
# Visual Studio Version 17
VisualStudioVersion = 17.3.32901.215
MinimumVisualStudioVersion = 10.0.40219.1
Project("{FAE04EC0-301F-11D3-BF4B-00C04F79EFBC}") = "Activity 14 attempt", "Activity 14 attempt\Activity 14 attempt.csproj", "{190E8F63-D8BF-4DE3-8A20-5A8655308BA4}"
EndProject
Global
	GlobalSection(SolutionConfigurationPlatforms) = preSolution
		Debug|Any CPU = Debug|Any CPU
		Release|Any CPU = Release|Any CPU
	EndGlobalSection
	GlobalSection(ProjectConfigurationPlatforms) = postSolution
		{190E8F63-D8BF-4DE3-8A20-5A8655308BA4}.Debug|Any CPU.ActiveCfg = Debug|Any CPU
		{190E8F63-D8BF-4DE3-8A20-5A8655308BA4}.Debug|Any CPU.Build.0 = Debug|Any CPU
		{190E8F63-D8BF-4DE3-8A20-5A8655308BA4}.Release|Any CPU.ActiveCfg = Release|Any CPU
		{190E8F63-D8BF-4DE3-8A20-5A8655308BA4}.Release|Any CPU.Build.0 = Release|Any CPU
	EndGlobalSection
	GlobalSection(SolutionProperties) = preSolution
		HideSolutionNode = FALSE
	EndGlobalSection
	GlobalSection(ExtensibilityGlobals) = postSolution
		SolutionGuid = {9952B69C-F4DB-4CDF-BFDE-5041179F8206}
	EndGlobalSection
EndGlobal
